
Microsoft Visual Studio Solution File, Format Version 12.00
# Visual Studio 2013
VisualStudioVersion = 12.0.30723.0
MinimumVisualStudioVersion = 10.0.40219.1
Project("{FAE04EC0-301F-11D3-BF4B-00C04F79EFBC}") = "Work.WebProj.Renhai", "Work.WebProj\Work.WebProj.Renhai.csproj", "{821195B6-1744-4E05-B003-7DA64385CFB6}"
EndProject
Project("{FAE04EC0-301F-11D3-BF4B-00C04F79EFBC}") = "Core.ProjectHelper", "Core.ProjHelp\Core.ProjectHelper.csproj", "{736B5CC1-A25E-41D7-856B-BFBFE355A6E3}"
EndProject
Project("{FAE04EC0-301F-11D3-BF4B-00C04F79EFBC}") = "Core.LogWriteHelper", "Core.LogWrite\Core.LogWriteHelper.csproj", "{D6EF0740-4302-456F-85E3-529B9A1F6424}"
EndProject
Project("{FAE04EC0-301F-11D3-BF4B-00C04F79EFBC}") = "Work.BusinessLogic", "Work.Logic\Work.BusinessLogic.csproj", "{81F31D0B-5D7A-44F7-BA5B-362BF27FCC8D}"
EndProject
Project("{2150E333-8FDC-42A3-9474-1A3956D46DE8}") = ".nuget", ".nuget", "{736BE46B-82EB-4EFF-A6BE-24815A83DA1D}"
	ProjectSection(SolutionItems) = preProject
		.nuget\NuGet.Config = .nuget\NuGet.Config
		.nuget\NuGet.exe = .nuget\NuGet.exe
		.nuget\NuGet.targets = .nuget\NuGet.targets
	EndProjectSection
EndProject
Project("{FAE04EC0-301F-11D3-BF4B-00C04F79EFBC}") = "Work.UnitTests", "Work.UnitTest\Work.UnitTests.csproj", "{2F85AAB8-A2EE-4313-B46D-817BA1802901}"
EndProject
Global
	GlobalSection(TeamFoundationVersionControl) = preSolution
		SccNumberOfProjects = 6
		SccEnterpriseProvider = {4CA58AB2-18FA-4F8D-95D4-32DDF27D184C}
		SccTeamFoundationServer = http://www.fly.idv.tw:8080/tfs/jcinproject
		SccLocalPath0 = .
		SccProjectUniqueName1 = Core.ProjHelp\\Core.ProjectHelper.csproj
		SccProjectName1 = Core.ProjHelp
		SccLocalPath1 = Core.ProjHelp
		SccProjectUniqueName2 = Core.LogWrite\\Core.LogWriteHelper.csproj
		SccProjectName2 = Core.LogWrite
		SccLocalPath2 = Core.LogWrite
		SccProjectUniqueName3 = Work.Logic\\Work.BusinessLogic.csproj
		SccProjectName3 = Work.Logic
		SccLocalPath3 = Work.Logic
		SccProjectUniqueName4 = Work.WebProj\\Work.WebProj.Renhai.csproj
		SccProjectName4 = Work.WebProj
		SccLocalPath4 = Work.WebProj
		SccProjectUniqueName5 = Work.UnitTest\\Work.UnitTests.csproj
		SccProjectName5 = Work.UnitTest
		SccLocalPath5 = Work.UnitTest
	EndGlobalSection
	GlobalSection(SolutionConfigurationPlatforms) = preSolution
		Debug|Any CPU = Debug|Any CPU
		Release|Any CPU = Release|Any CPU
	EndGlobalSection
	GlobalSection(ProjectConfigurationPlatforms) = postSolution
		{821195B6-1744-4E05-B003-7DA64385CFB6}.Debug|Any CPU.ActiveCfg = Debug|Any CPU
		{821195B6-1744-4E05-B003-7DA64385CFB6}.Debug|Any CPU.Build.0 = Debug|Any CPU
		{821195B6-1744-4E05-B003-7DA64385CFB6}.Release|Any CPU.ActiveCfg = Release|Any CPU
		{821195B6-1744-4E05-B003-7DA64385CFB6}.Release|Any CPU.Build.0 = Release|Any CPU
		{736B5CC1-A25E-41D7-856B-BFBFE355A6E3}.Debug|Any CPU.ActiveCfg = Debug|Any CPU
		{736B5CC1-A25E-41D7-856B-BFBFE355A6E3}.Debug|Any CPU.Build.0 = Debug|Any CPU
		{736B5CC1-A25E-41D7-856B-BFBFE355A6E3}.Release|Any CPU.ActiveCfg = Release|Any CPU
		{736B5CC1-A25E-41D7-856B-BFBFE355A6E3}.Release|Any CPU.Build.0 = Release|Any CPU
		{D6EF0740-4302-456F-85E3-529B9A1F6424}.Debug|Any CPU.ActiveCfg = Debug|Any CPU
		{D6EF0740-4302-456F-85E3-529B9A1F6424}.Debug|Any CPU.Build.0 = Debug|Any CPU
		{D6EF0740-4302-456F-85E3-529B9A1F6424}.Release|Any CPU.ActiveCfg = Release|Any CPU
		{D6EF0740-4302-456F-85E3-529B9A1F6424}.Release|Any CPU.Build.0 = Release|Any CPU
		{81F31D0B-5D7A-44F7-BA5B-362BF27FCC8D}.Debug|Any CPU.ActiveCfg = Debug|Any CPU
		{81F31D0B-5D7A-44F7-BA5B-362BF27FCC8D}.Debug|Any CPU.Build.0 = Debug|Any CPU
		{81F31D0B-5D7A-44F7-BA5B-362BF27FCC8D}.Release|Any CPU.ActiveCfg = Release|Any CPU
		{81F31D0B-5D7A-44F7-BA5B-362BF27FCC8D}.Release|Any CPU.Build.0 = Release|Any CPU
		{2F85AAB8-A2EE-4313-B46D-817BA1802901}.Debug|Any CPU.ActiveCfg = Debug|Any CPU
		{2F85AAB8-A2EE-4313-B46D-817BA1802901}.Debug|Any CPU.Build.0 = Debug|Any CPU
		{2F85AAB8-A2EE-4313-B46D-817BA1802901}.Release|Any CPU.ActiveCfg = Release|Any CPU
		{2F85AAB8-A2EE-4313-B46D-817BA1802901}.Release|Any CPU.Build.0 = Release|Any CPU
	EndGlobalSection
	GlobalSection(SolutionProperties) = preSolution
		HideSolutionNode = FALSE
	EndGlobalSection
EndGlobal
